
Microsoft Visual Studio Solution File, Format Version 12.00
# Visual Studio 2013
Project("{FAE04EC0-301F-11D3-BF4B-00C04F79EFBC}") = "UnityVS.IP2 Game Project.CSharp", "UnityVS.IP2 Game Project.CSharp.csproj", "{C91B8B2D-329F-A91A-DF45-C041D4055B8C}"
EndProject
Global
	GlobalSection(SolutionConfigurationPlatforms) = preSolution
		Debug|Any CPU = Debug|Any CPU
		Release|Any CPU = Release|Any CPU
	EndGlobalSection
	GlobalSection(ProjectConfigurationPlatforms) = postSolution
		{C91B8B2D-329F-A91A-DF45-C041D4055B8C}.Debug|Any CPU.ActiveCfg = Debug|Any CPU
		{C91B8B2D-329F-A91A-DF45-C041D4055B8C}.Debug|Any CPU.Build.0 = Debug|Any CPU
		{C91B8B2D-329F-A91A-DF45-C041D4055B8C}.Release|Any CPU.ActiveCfg = Release|Any CPU
		{C91B8B2D-329F-A91A-DF45-C041D4055B8C}.Release|Any CPU.Build.0 = Release|Any CPU
	EndGlobalSection
	GlobalSection(SolutionProperties) = preSolution
		HideSolutionNode = FALSE
	EndGlobalSection
EndGlobal
